// !$*UTF8*$!
{
	archiveVersion = 1;
	classes = {
	};
	objectVersion = 46;
	objects = {

/* Begin PBXBuildFile section */
		A61BE0111E5FE3AF0092D529 /* main.m in Sources */ = {isa = PBXBuildFile; fileRef = A61BE0101E5FE3AF0092D529 /* main.m */; };
		A61BE0141E5FE3AF0092D529 /* AppDelegate.m in Sources */ = {isa = PBXBuildFile; fileRef = A61BE0131E5FE3AF0092D529 /* AppDelegate.m */; };
		A61BE0171E5FE3AF0092D529 /* ViewController.m in Sources */ = {isa = PBXBuildFile; fileRef = A61BE0161E5FE3AF0092D529 /* ViewController.m */; };
		A61BE01A1E5FE3AF0092D529 /* Main.storyboard in Resources */ = {isa = PBXBuildFile; fileRef = A61BE0181E5FE3AF0092D529 /* Main.storyboard */; };
		A61BE01C1E5FE3AF0092D529 /* Assets.xcassets in Resources */ = {isa = PBXBuildFile; fileRef = A61BE01B1E5FE3AF0092D529 /* Assets.xcassets */; };
		A61BE01F1E5FE3AF0092D529 /* LaunchScreen.storyboard in Resources */ = {isa = PBXBuildFile; fileRef = A61BE01D1E5FE3AF0092D529 /* LaunchScreen.storyboard */; };
/* End PBXBuildFile section */

/* Begin PBXFileReference section */
		A61BE00C1E5FE3AF0092D529 /* LKWheelController.app */ = {isa = PBXFileReference; explicitFileType = wrapper.application; includeInIndex = 0; path = LKWheelController.app; sourceTree = BUILT_PRODUCTS_DIR; };
		A61BE0101E5FE3AF0092D529 /* main.m */ = {isa = PBXFileReference; lastKnownFileType = sourcecode.c.objc; path = main.m; sourceTree = "<group>"; };
		A61BE0121E5FE3AF0092D529 /* AppDelegate.h */ = {isa = PBXFileReference; lastKnownFileType = sourcecode.c.h; path = AppDelegate.h; sourceTree = "<group>"; };
		A61BE0131E5FE3AF0092D529 /* AppDelegate.m */ = {isa = PBXFileReference; lastKnownFileType = sourcecode.c.objc; path = AppDelegate.m; sourceTree = "<group>"; };
		A61BE0151E5FE3AF0092D529 /* ViewController.h */ = {isa = PBXFileReference; lastKnownFileType = sourcecode.c.h; path = ViewController.h; sourceTree = "<group>"; };
		A61BE0161E5FE3AF0092D529 /* ViewController.m */ = {isa = PBXFileReference; lastKnownFileType = sourcecode.c.objc; path = ViewController.m; sourceTree = "<group>"; };
		A61BE0191E5FE3AF0092D529 /* Base */ = {isa = PBXFileReference; lastKnownFileType = file.storyboard; name = Base; path = Base.lproj/Main.storyboard; sourceTree = "<group>"; };
		A61BE01B1E5FE3AF0092D529 /* Assets.xcassets */ = {isa = PBXFileReference; lastKnownFileType = folder.assetcatalog; path = Assets.xcassets; sourceTree = "<group>"; };
		A61BE01E1E5FE3AF0092D529 /* Base */ = {isa = PBXFileReference; lastKnownFileType = file.storyboard; name = Base; path = Base.lproj/LaunchScreen.storyboard; sourceTree = "<group>"; };
		A61BE0201E5FE3AF0092D529 /* Info.plist */ = {isa = PBXFileReference; lastKnownFileType = text.plist.xml; path = Info.plist; sourceTree = "<group>"; };
/* End PBXFileReference section */

/* Begin PBXFrameworksBuildPhase section */
		A61BE0091E5FE3AF0092D529 /* Frameworks */ = {
			isa = PBXFrameworksBuildPhase;
			buildActionMask = 2147483647;
			files = (
			);
			runOnlyForDeploymentPostprocessing = 0;
		};
/* End PBXFrameworksBuildPhase section */

/* Begin PBXGroup section */
		A61BE0031E5FE3AF0092D529 = {
			isa = PBXGroup;
			children = (
				A61BE00E1E5FE3AF0092D529 /* LKWheelController */,
				A61BE00D1E5FE3AF0092D529 /* Products */,
			);
			sourceTree = "<group>";
		};
		A61BE00D1E5FE3AF0092D529 /* Products */ = {
			isa = PBXGroup;
			children = (
				A61BE00C1E5FE3AF0092D529 /* LKWheelController.app */,
			);
			name = Products;
			sourceTree = "<group>";
		};
		A61BE00E1E5FE3AF0092D529 /* LKWheelController */ = {
			isa = PBXGroup;
			children = (
				A61BE0121E5FE3AF0092D529 /* AppDelegate.h */,
				A61BE0131E5FE3AF0092D529 /* AppDelegate.m */,
				A61BE0151E5FE3AF0092D529 /* ViewController.h */,
				A61BE0161E5FE3AF0092D529 /* ViewController.m */,
				A61BE0181E5FE3AF0092D529 /* Main.storyboard */,
				A61BE01B1E5FE3AF0092D529 /* Assets.xcassets */,
				A61BE01D1E5FE3AF0092D529 /* LaunchScreen.storyboard */,
				A61BE0201E5FE3AF0092D529 /* Info.plist */,
				A61BE00F1E5FE3AF0092D529 /* Supporting Files */,
			);
			path = LKWheelController;
			sourceTree = "<group>";
		};
		A61BE00F1E5FE3AF0092D529 /* Supporting Files */ = {
			isa = PBXGroup;
			children = (
				A61BE0101E5FE3AF0092D529 /* main.m */,
			);
			name = "Supporting Files";
			sourceTree = "<group>";
		};
/* End PBXGroup section */

/* Begin PBXNativeTarget section */
		A61BE00B1E5FE3AF0092D529 /* LKWheelController */ = {
			isa = PBXNativeTarget;
			buildConfigurationList = A61BE0231E5FE3AF0092D529 /* Build configuration list for PBXNativeTarget "LKWheelController" */;
			buildPhases = (
				A61BE0081E5FE3AF0092D529 /* Sources */,
				A61BE0091E5FE3AF0092D529 /* Frameworks */,
				A61BE00A1E5FE3AF0092D529 /* Resources */,
			);
			buildRules = (
			);
			dependencies = (
			);
			name = LKWheelController;
			productName = LKWheelController;
			productReference = A61BE00C1E5FE3AF0092D529 /* LKWheelController.app */;
			productType = "com.apple.product-type.application";
		};
/* End PBXNativeTarget section */

/* Begin PBXProject section */
		A61BE0041E5FE3AF0092D529 /* Project object */ = {
			isa = PBXProject;
			attributes = {
				LastUpgradeCheck = 0720;
				ORGANIZATIONNAME = LK;
				TargetAttributes = {
					A61BE00B1E5FE3AF0092D529 = {
						CreatedOnToolsVersion = 7.2;
					};
				};
			};
			buildConfigurationList = A61BE0071E5FE3AF0092D529 /* Build configuration list for PBXProject "LKWheelController" */;
			compatibilityVersion = "Xcode 3.2";
			developmentRegion = English;
			hasScannedForEncodings = 0;
			knownRegions = (
				en,
				Base,
			);
			mainGroup = A61BE0031E5FE3AF0092D529;
			productRefGroup = A61BE00D1E5FE3AF0092D529 /* Products */;
			projectDirPath = "";
			projectRoot = "";
			targets = (
				A61BE00B1E5FE3AF0092D529 /* LKWheelController */,
			);
		};
/* End PBXProject section */

/* Begin PBXResourcesBuildPhase section */
		A61BE00A1E5FE3AF0092D529 /* Resources */ = {
			isa = PBXResourcesBuildPhase;
			buildActionMask = 2147483647;
			files = (
				A61BE01F1E5FE3AF0092D529 /* LaunchScreen.storyboard in Resources */,
				A61BE01C1E5FE3AF0092D529 /* Assets.xcassets in Resources */,
				A61BE01A1E5FE3AF0092D529 /* Main.storyboard in Resources */,
			);
			runOnlyForDeploymentPostprocessing = 0;
		};
/* End PBXResourcesBuildPhase section */

/* Begin PBXSourcesBuildPhase section */
		A61BE0081E5FE3AF0092D529 /* Sources */ = {
			isa = PBXSourcesBuildPhase;
			buildActionMask = 2147483647;
			files = (
				A61BE0171E5FE3AF0092D529 /* ViewController.m in Sources */,
				A61BE0141E5FE3AF0092D529 /* AppDelegate.m in Sources */,
				A61BE0111E5FE3AF0092D529 /* main.m in Sources */,
			);
			runOnlyForDeploymentPostprocessing = 0;
		};
/* End PBXSourcesBuildPhase section */

/* Begin PBXVariantGroup section */
		A61BE0181E5FE3AF0092D529 /* Main.storyboard */ = {
			isa = PBXVariantGroup;
			children = (
				A61BE0191E5FE3AF0092D529 /* Base */,
			);
			name = Main.storyboard;
			sourceTree = "<group>";
		};
		A61BE01D1E5FE3AF0092D529 /* LaunchScreen.storyboard */ = {
			isa = PBXVariantGroup;
			children = (
				A61BE01E1E5FE3AF0092D529 /* Base */,
			);
			name = LaunchScreen.storyboard;
			sourceTree = "<group>";
		};
/* End PBXVariantGroup section */

/* Begin XCBuildConfiguration section */
		A61BE0211E5FE3AF0092D529 /* Debug */ = {
			isa = XCBuildConfiguration;
			buildSettings = {
				ALWAYS_SEARCH_USER_PATHS = NO;
				CLANG_CXX_LANGUAGE_STANDARD = "gnu++0x";
				CLANG_CXX_LIBRARY = "libc++";
				CLANG_ENABLE_MODULES = YES;
				CLANG_ENABLE_OBJC_ARC = YES;
				CLANG_WARN_BOOL_CONVERSION = YES;
				CLANG_WARN_CONSTANT_CONVERSION = YES;
				CLANG_WARN_DIRECT_OBJC_ISA_USAGE = YES_ERROR;
				CLANG_WARN_EMPTY_BODY = YES;
				CLANG_WARN_ENUM_CONVERSION = YES;
				CLANG_WARN_INT_CONVERSION = YES;
				CLANG_WARN_OBJC_ROOT_CLASS = YES_ERROR;
				CLANG_WARN_UNREACHABLE_CODE = YES;
				CLANG_WARN__DUPLICATE_METHOD_MATCH = YES;
				"CODE_SIGN_IDENTITY[sdk=iphoneos*]" = "iPhone Developer";
				COPY_PHASE_STRIP = NO;
				DEBUG_INFORMATION_FORMAT = dwarf;
				ENABLE_STRICT_OBJC_MSGSEND = YES;
				ENABLE_TESTABILITY = YES;
				GCC_C_LANGUAGE_STANDARD = gnu99;
				GCC_DYNAMIC_NO_PIC = NO;
				GCC_NO_COMMON_BLOCKS = YES;
				GCC_OPTIMIZATION_LEVEL = 0;
				GCC_PREPROCESSOR_DEFINITIONS = (
					"DEBUG=1",
					"$(inherited)",
				);
				GCC_WARN_64_TO_32_BIT_CONVERSION = YES;
				GCC_WARN_ABOUT_RETURN_TYPE = YES_ERROR;
				GCC_WARN_UNDECLARED_SELECTOR = YES;
				GCC_WARN_UNINITIALIZED_AUTOS = YES_AGGRESSIVE;
				GCC_WARN_UNUSED_FUNCTION = YES;
				GCC_WARN_UNUSED_VARIABLE = YES;
				IPHONEOS_DEPLOYMENT_TARGET = 9.2;
				MTL_ENABLE_DEBUG_INFO = YES;
				ONLY_ACTIVE_ARCH = YES;
				SDKROOT = iphoneos;
			};
			name = Debug;
		};
		A61BE0221E5FE3AF0092D529 /* Release */ = {
			isa = XCBuildConfiguration;
			buildSettings = {
				ALWAYS_SEARCH_USER_PATHS = NO;
				CLANG_CXX_LANGUAGE_STANDARD = "gnu++0x";
				CLANG_CXX_LIBRARY = "libc++";
				CLANG_ENABLE_MODULES = YES;
				CLANG_ENABLE_OBJC_ARC = YES;
				CLANG_WARN_BOOL_CONVERSION = YES;
				CLANG_WARN_CONSTANT_CONVERSION = YES;
				CLANG_WARN_DIRECT_OBJC_ISA_USAGE = YES_ERROR;
				CLANG_WARN_EMPTY_BODY = YES;
				CLANG_WARN_ENUM_CONVERSION = YES;
				CLANG_WARN_INT_CONVERSION = YES;
				CLANG_WARN_OBJC_ROOT_CLASS = YES_ERROR;
				CLANG_WARN_UNREACHABLE_CODE = YES;
				CLANG_WARN__DUPLICATE_METHOD_MATCH = YES;
				"CODE_SIGN_IDENTITY[sdk=iphoneos*]" = "iPhone Developer";
				COPY_PHASE_STRIP = NO;
				DEBUG_INFORMATION_FORMAT = "dwarf-with-dsym";
				ENABLE_NS_ASSERTIONS = NO;
				ENABLE_STRICT_OBJC_MSGSEND = YES;
				GCC_C_LANGUAGE_STANDARD = gnu99;
				GCC_NO_COMMON_BLOCKS = YES;
				GCC_WARN_64_TO_32_BIT_CONVERSION = YES;
				GCC_WARN_ABOUT_RETURN_TYPE = YES_ERROR;
				GCC_WARN_UNDECLARED_SELECTOR = YES;
				GCC_WARN_UNINITIALIZED_AUTOS = YES_AGGRESSIVE;
				GCC_WARN_UNUSED_FUNCTION = YES;
				GCC_WARN_UNUSED_VARIABLE = YES;
				IPHONEOS_DEPLOYMENT_TARGET = 9.2;
				MTL_ENABLE_DEBUG_INFO = NO;
				SDKROOT = iphoneos;
				VALIDATE_PRODUCT = YES;
			};
			name = Release;
		};
		A61BE0241E5FE3AF0092D529 /* Debug */ = {
			isa = XCBuildConfiguration;
			buildSettings = {
				ASSETCATALOG_COMPILER_APPICON_NAME = AppIcon;
				INFOPLIST_FILE = LKWheelController/Info.plist;
				LD_RUNPATH_SEARCH_PATHS = "$(inherited) @executable_path/Frameworks";
				PRODUCT_BUNDLE_IDENTIFIER = "code-iosLK.LKWheelController";
				PRODUCT_NAME = "$(TARGET_NAME)";
			};
			name = Debug;
		};
		A61BE0251E5FE3AF0092D529 /* Release */ = {
			isa = XCBuildConfiguration;
			buildSettings = {
				ASSETCATALOG_COMPILER_APPICON_NAME = AppIcon;
				INFOPLIST_FILE = LKWheelController/Info.plist;
				LD_RUNPATH_SEARCH_PATHS = "$(inherited) @executable_path/Frameworks";
				PRODUCT_BUNDLE_IDENTIFIER = "code-iosLK.LKWheelController";
				PRODUCT_NAME = "$(TARGET_NAME)";
			};
			name = Release;
		};
/* End XCBuildConfiguration section */

/* Begin XCConfigurationList section */
		A61BE0071E5FE3AF0092D529 /* Build configuration list for PBXProject "LKWheelController" */ = {
			isa = XCConfigurationList;
			buildConfigurations = (
				A61BE0211E5FE3AF0092D529 /* Debug */,
				A61BE0221E5FE3AF0092D529 /* Release */,
			);
			defaultConfigurationIsVisible = 0;
			defaultConfigurationName = Release;
		};
		A61BE0231E5FE3AF0092D529 /* Build configuration list for PBXNativeTarget "LKWheelController" */ = {
			isa = XCConfigurationList;
			buildConfigurations = (
				A61BE0241E5FE3AF0092D529 /* Debug */,
				A61BE0251E5FE3AF0092D529 /* Release */,
			);
			defaultConfigurationIsVisible = 0;
		};
/* End XCConfigurationList section */
	};
	rootObject = A61BE0041E5FE3AF0092D529 /* Project object */;
}
